
Microsoft Visual Studio Solution File, Format Version 12.00
# Visual Studio 15
VisualStudioVersion = 15.0.28307.1209
MinimumVisualStudioVersion = 10.0.40219.1
Project("{F2A71F9B-5D33-465A-A702-920D77279786}") = "FSRPG", "FSRPG\FSRPG.fsproj", "{256699B6-B0BA-4B9C-B035-9D1296C585E4}"
EndProject
Global
	GlobalSection(SolutionConfigurationPlatforms) = preSolution
		Debug|Any CPU = Debug|Any CPU
		Release|Any CPU = Release|Any CPU
	EndGlobalSection
	GlobalSection(ProjectConfigurationPlatforms) = postSolution
		{256699B6-B0BA-4B9C-B035-9D1296C585E4}.Debug|Any CPU.ActiveCfg = Debug|Any CPU
		{256699B6-B0BA-4B9C-B035-9D1296C585E4}.Debug|Any CPU.Build.0 = Debug|Any CPU
		{256699B6-B0BA-4B9C-B035-9D1296C585E4}.Release|Any CPU.ActiveCfg = Release|Any CPU
		{256699B6-B0BA-4B9C-B035-9D1296C585E4}.Release|Any CPU.Build.0 = Release|Any CPU
	EndGlobalSection
	GlobalSection(SolutionProperties) = preSolution
		HideSolutionNode = FALSE
	EndGlobalSection
	GlobalSection(ExtensibilityGlobals) = postSolution
		SolutionGuid = {1DE590BC-D43D-4217-BBBD-6D8D2A0FE59E}
	EndGlobalSection
EndGlobal
